// !$*UTF8*$!
{
	archiveVersion = 1;
	classes = {
	};
	objectVersion = 50;
	objects = {

/* Begin PBXBuildFile section */
		5D1BE293232FD6890089C4B0 /* main.cpp in Sources */ = {isa = PBXBuildFile; fileRef = 5D1BE292232FD6890089C4B0 /* main.cpp */; };
		5D1BE2FA232FD6D40089C4B0 /* libopencv_shape.4.1.1.dylib in Frameworks */ = {isa = PBXBuildFile; fileRef = 5D1BE29A232FD6D30089C4B0 /* libopencv_shape.4.1.1.dylib */; };
		5D1BE2FB232FD6D50089C4B0 /* libopencv_superres.a in Frameworks */ = {isa = PBXBuildFile; fileRef = 5D1BE29B232FD6D30089C4B0 /* libopencv_superres.a */; };
		5D1BE2FC232FD6D50089C4B0 /* libopencv_text.a in Frameworks */ = {isa = PBXBuildFile; fileRef = 5D1BE29C232FD6D30089C4B0 /* libopencv_text.a */; };
		5D1BE2FD232FD6D50089C4B0 /* libopencv_img_hash.a in Frameworks */ = {isa = PBXBuildFile; fileRef = 5D1BE29D232FD6D30089C4B0 /* libopencv_img_hash.a */; };
		5D1BE2FE232FD6D50089C4B0 /* libopencv_video.4.1.1.dylib in Frameworks */ = {isa = PBXBuildFile; fileRef = 5D1BE29E232FD6D30089C4B0 /* libopencv_video.4.1.1.dylib */; };
		5D1BE2FF232FD6D50089C4B0 /* libopencv_surface_matching.4.1.1.dylib in Frameworks */ = {isa = PBXBuildFile; fileRef = 5D1BE29F232FD6D30089C4B0 /* libopencv_surface_matching.4.1.1.dylib */; };
		5D1BE300232FD6D50089C4B0 /* libopencv_videostab.a in Frameworks */ = {isa = PBXBuildFile; fileRef = 5D1BE2A0232FD6D30089C4B0 /* libopencv_videostab.a */; };
		5D1BE301232FD6D50089C4B0 /* libopencv_structured_light.4.1.1.dylib in Frameworks */ = {isa = PBXBuildFile; fileRef = 5D1BE2A1232FD6D30089C4B0 /* libopencv_structured_light.4.1.1.dylib */; };
		5D1BE302232FD6D50089C4B0 /* libopencv_line_descriptor.a in Frameworks */ = {isa = PBXBuildFile; fileRef = 5D1BE2A2232FD6D30089C4B0 /* libopencv_line_descriptor.a */; };
		5D1BE303232FD6D50089C4B0 /* libopencv_video.a in Frameworks */ = {isa = PBXBuildFile; fileRef = 5D1BE2A3232FD6D30089C4B0 /* libopencv_video.a */; };
		5D1BE304232FD6D50089C4B0 /* libopencv_structured_light.a in Frameworks */ = {isa = PBXBuildFile; fileRef = 5D1BE2A4232FD6D30089C4B0 /* libopencv_structured_light.a */; };
		5D1BE305232FD6D50089C4B0 /* libopencv_ximgproc.4.1.1.dylib in Frameworks */ = {isa = PBXBuildFile; fileRef = 5D1BE2A5232FD6D30089C4B0 /* libopencv_ximgproc.4.1.1.dylib */; };
		5D1BE306232FD6D50089C4B0 /* libopencv_aruco.4.1.1.dylib in Frameworks */ = {isa = PBXBuildFile; fileRef = 5D1BE2A6232FD6D30089C4B0 /* libopencv_aruco.4.1.1.dylib */; };
		5D1BE307232FD6D50089C4B0 /* libopencv_xobjdetect.4.1.1.dylib in Frameworks */ = {isa = PBXBuildFile; fileRef = 5D1BE2A7232FD6D30089C4B0 /* libopencv_xobjdetect.4.1.1.dylib */; };
		5D1BE308232FD6D50089C4B0 /* libopencv_xobjdetect.a in Frameworks */ = {isa = PBXBuildFile; fileRef = 5D1BE2A8232FD6D30089C4B0 /* libopencv_xobjdetect.a */; };
		5D1BE309232FD6D50089C4B0 /* libopencv_bioinspired.a in Frameworks */ = {isa = PBXBuildFile; fileRef = 5D1BE2A9232FD6D30089C4B0 /* libopencv_bioinspired.a */; };
		5D1BE30A232FD6D50089C4B0 /* libopencv_xphoto.a in Frameworks */ = {isa = PBXBuildFile; fileRef = 5D1BE2AA232FD6D40089C4B0 /* libopencv_xphoto.a */; };
		5D1BE30B232FD6D50089C4B0 /* libopencv_stereo.4.1.1.dylib in Frameworks */ = {isa = PBXBuildFile; fileRef = 5D1BE2AB232FD6D40089C4B0 /* libopencv_stereo.4.1.1.dylib */; };
		5D1BE30C232FD6D50089C4B0 /* libopencv_plot.a in Frameworks */ = {isa = PBXBuildFile; fileRef = 5D1BE2AC232FD6D40089C4B0 /* libopencv_plot.a */; };
		5D1BE30D232FD6D50089C4B0 /* libopencv_highgui.4.1.1.dylib in Frameworks */ = {isa = PBXBuildFile; fileRef = 5D1BE2AD232FD6D40089C4B0 /* libopencv_highgui.4.1.1.dylib */; };
		5D1BE30E232FD6D50089C4B0 /* libopencv_shape.a in Frameworks */ = {isa = PBXBuildFile; fileRef = 5D1BE2AE232FD6D40089C4B0 /* libopencv_shape.a */; };
		5D1BE30F232FD6D50089C4B0 /* libopencv_imgproc.a in Frameworks */ = {isa = PBXBuildFile; fileRef = 5D1BE2AF232FD6D40089C4B0 /* libopencv_imgproc.a */; };
		5D1BE310232FD6D50089C4B0 /* libopencv_videoio.4.1.1.dylib in Frameworks */ = {isa = PBXBuildFile; fileRef = 5D1BE2B0232FD6D40089C4B0 /* libopencv_videoio.4.1.1.dylib */; };
		5D1BE311232FD6D50089C4B0 /* libopencv_core.a in Frameworks */ = {isa = PBXBuildFile; fileRef = 5D1BE2B1232FD6D40089C4B0 /* libopencv_core.a */; };
		5D1BE312232FD6D50089C4B0 /* libopencv_freetype.4.1.1.dylib in Frameworks */ = {isa = PBXBuildFile; fileRef = 5D1BE2B2232FD6D40089C4B0 /* libopencv_freetype.4.1.1.dylib */; };
		5D1BE313232FD6D50089C4B0 /* libopencv_imgcodecs.4.1.1.dylib in Frameworks */ = {isa = PBXBuildFile; fileRef = 5D1BE2B3232FD6D40089C4B0 /* libopencv_imgcodecs.4.1.1.dylib */; };
		5D1BE314232FD6D50089C4B0 /* libopencv_ml.a in Frameworks */ = {isa = PBXBuildFile; fileRef = 5D1BE2B4232FD6D40089C4B0 /* libopencv_ml.a */; };
		5D1BE315232FD6D50089C4B0 /* libopencv_aruco.a in Frameworks */ = {isa = PBXBuildFile; fileRef = 5D1BE2B5232FD6D40089C4B0 /* libopencv_aruco.a */; };
		5D1BE316232FD6D50089C4B0 /* libopencv_fuzzy.a in Frameworks */ = {isa = PBXBuildFile; fileRef = 5D1BE2B6232FD6D40089C4B0 /* libopencv_fuzzy.a */; };
		5D1BE317232FD6D50089C4B0 /* libopencv_calib3d.4.1.1.dylib in Frameworks */ = {isa = PBXBuildFile; fileRef = 5D1BE2B7232FD6D40089C4B0 /* libopencv_calib3d.4.1.1.dylib */; };
		5D1BE318232FD6D50089C4B0 /* libopencv_gapi.a in Frameworks */ = {isa = PBXBuildFile; fileRef = 5D1BE2B8232FD6D40089C4B0 /* libopencv_gapi.a */; };
		5D1BE319232FD6D50089C4B0 /* libopencv_plot.4.1.1.dylib in Frameworks */ = {isa = PBXBuildFile; fileRef = 5D1BE2B9232FD6D40089C4B0 /* libopencv_plot.4.1.1.dylib */; };
		5D1BE31A232FD6D50089C4B0 /* libopencv_reg.4.1.1.dylib in Frameworks */ = {isa = PBXBuildFile; fileRef = 5D1BE2BA232FD6D40089C4B0 /* libopencv_reg.4.1.1.dylib */; };
		5D1BE31B232FD6D50089C4B0 /* libopencv_stitching.a in Frameworks */ = {isa = PBXBuildFile; fileRef = 5D1BE2BB232FD6D40089C4B0 /* libopencv_stitching.a */; };
		5D1BE31C232FD6D50089C4B0 /* libopencv_xphoto.4.1.1.dylib in Frameworks */ = {isa = PBXBuildFile; fileRef = 5D1BE2BC232FD6D40089C4B0 /* libopencv_xphoto.4.1.1.dylib */; };
		5D1BE31D232FD6D50089C4B0 /* libopencv_phase_unwrapping.4.1.1.dylib in Frameworks */ = {isa = PBXBuildFile; fileRef = 5D1BE2BD232FD6D40089C4B0 /* libopencv_phase_unwrapping.4.1.1.dylib */; };
		5D1BE31E232FD6D50089C4B0 /* libopencv_dpm.a in Frameworks */ = {isa = PBXBuildFile; fileRef = 5D1BE2BE232FD6D40089C4B0 /* libopencv_dpm.a */; };
		5D1BE31F232FD6D50089C4B0 /* libopencv_saliency.a in Frameworks */ = {isa = PBXBuildFile; fileRef = 5D1BE2BF232FD6D40089C4B0 /* libopencv_saliency.a */; };
		5D1BE320232FD6D50089C4B0 /* libopencv_videoio.a in Frameworks */ = {isa = PBXBuildFile; fileRef = 5D1BE2C0232FD6D40089C4B0 /* libopencv_videoio.a */; };
		5D1BE321232FD6D50089C4B0 /* libopencv_optflow.a in Frameworks */ = {isa = PBXBuildFile; fileRef = 5D1BE2C1232FD6D40089C4B0 /* libopencv_optflow.a */; };
		5D1BE322232FD6D50089C4B0 /* libopencv_ml.4.1.1.dylib in Frameworks */ = {isa = PBXBuildFile; fileRef = 5D1BE2C2232FD6D40089C4B0 /* libopencv_ml.4.1.1.dylib */; };
		5D1BE323232FD6D50089C4B0 /* libopencv_flann.a in Frameworks */ = {isa = PBXBuildFile; fileRef = 5D1BE2C3232FD6D40089C4B0 /* libopencv_flann.a */; };
		5D1BE324232FD6D50089C4B0 /* libopencv_highgui.a in Frameworks */ = {isa = PBXBuildFile; fileRef = 5D1BE2C4232FD6D40089C4B0 /* libopencv_highgui.a */; };
		5D1BE325232FD6D50089C4B0 /* libopencv_rgbd.a in Frameworks */ = {isa = PBXBuildFile; fileRef = 5D1BE2C5232FD6D40089C4B0 /* libopencv_rgbd.a */; };
		5D1BE326232FD6D50089C4B0 /* libopencv_videostab.4.1.1.dylib in Frameworks */ = {isa = PBXBuildFile; fileRef = 5D1BE2C6232FD6D40089C4B0 /* libopencv_videostab.4.1.1.dylib */; };
		5D1BE327232FD6D50089C4B0 /* libopencv_ximgproc.a in Frameworks */ = {isa = PBXBuildFile; fileRef = 5D1BE2C7232FD6D40089C4B0 /* libopencv_ximgproc.a */; };
		5D1BE328232FD6D50089C4B0 /* libopencv_ccalib.a in Frameworks */ = {isa = PBXBuildFile; fileRef = 5D1BE2C8232FD6D40089C4B0 /* libopencv_ccalib.a */; };
		5D1BE329232FD6D50089C4B0 /* libopencv_reg.a in Frameworks */ = {isa = PBXBuildFile; fileRef = 5D1BE2C9232FD6D40089C4B0 /* libopencv_reg.a */; };
		5D1BE32A232FD6D50089C4B0 /* libopencv_photo.a in Frameworks */ = {isa = PBXBuildFile; fileRef = 5D1BE2CA232FD6D40089C4B0 /* libopencv_photo.a */; };
		5D1BE32B232FD6D50089C4B0 /* libopencv_rgbd.4.1.1.dylib in Frameworks */ = {isa = PBXBuildFile; fileRef = 5D1BE2CB232FD6D40089C4B0 /* libopencv_rgbd.4.1.1.dylib */; };
		5D1BE32C232FD6D50089C4B0 /* libopencv_dnn_objdetect.a in Frameworks */ = {isa = PBXBuildFile; fileRef = 5D1BE2CC232FD6D40089C4B0 /* libopencv_dnn_objdetect.a */; };
		5D1BE32D232FD6D50089C4B0 /* libopencv_flann.4.1.1.dylib in Frameworks */ = {isa = PBXBuildFile; fileRef = 5D1BE2CD232FD6D40089C4B0 /* libopencv_flann.4.1.1.dylib */; };
		5D1BE32E232FD6D50089C4B0 /* libopencv_superres.4.1.1.dylib in Frameworks */ = {isa = PBXBuildFile; fileRef = 5D1BE2CE232FD6D40089C4B0 /* libopencv_superres.4.1.1.dylib */; };
		5D1BE32F232FD6D50089C4B0 /* libopencv_surface_matching.a in Frameworks */ = {isa = PBXBuildFile; fileRef = 5D1BE2CF232FD6D40089C4B0 /* libopencv_surface_matching.a */; };
		5D1BE330232FD6D50089C4B0 /* libopencv_xfeatures2d.4.1.1.dylib in Frameworks */ = {isa = PBXBuildFile; fileRef = 5D1BE2D0232FD6D40089C4B0 /* libopencv_xfeatures2d.4.1.1.dylib */; };
		5D1BE331232FD6D50089C4B0 /* libopencv_tracking.a in Frameworks */ = {isa = PBXBuildFile; fileRef = 5D1BE2D1232FD6D40089C4B0 /* libopencv_tracking.a */; };
		5D1BE332232FD6D50089C4B0 /* libopencv_stitching.4.1.1.dylib in Frameworks */ = {isa = PBXBuildFile; fileRef = 5D1BE2D2232FD6D40089C4B0 /* libopencv_stitching.4.1.1.dylib */; };
		5D1BE333232FD6D50089C4B0 /* libopencv_dnn_objdetect.4.1.1.dylib in Frameworks */ = {isa = PBXBuildFile; fileRef = 5D1BE2D3232FD6D40089C4B0 /* libopencv_dnn_objdetect.4.1.1.dylib */; };
		5D1BE334232FD6D50089C4B0 /* libopencv_photo.4.1.1.dylib in Frameworks */ = {isa = PBXBuildFile; fileRef = 5D1BE2D4232FD6D40089C4B0 /* libopencv_photo.4.1.1.dylib */; };
		5D1BE335232FD6D50089C4B0 /* libopencv_face.4.1.1.dylib in Frameworks */ = {isa = PBXBuildFile; fileRef = 5D1BE2D5232FD6D40089C4B0 /* libopencv_face.4.1.1.dylib */; };
		5D1BE336232FD6D50089C4B0 /* libopencv_quality.a in Frameworks */ = {isa = PBXBuildFile; fileRef = 5D1BE2D6232FD6D40089C4B0 /* libopencv_quality.a */; };
		5D1BE337232FD6D50089C4B0 /* libopencv_sfm.a in Frameworks */ = {isa = PBXBuildFile; fileRef = 5D1BE2D7232FD6D40089C4B0 /* libopencv_sfm.a */; };
		5D1BE338232FD6D50089C4B0 /* libopencv_xfeatures2d.a in Frameworks */ = {isa = PBXBuildFile; fileRef = 5D1BE2D8232FD6D40089C4B0 /* libopencv_xfeatures2d.a */; };
		5D1BE339232FD6D50089C4B0 /* libopencv_features2d.4.1.1.dylib in Frameworks */ = {isa = PBXBuildFile; fileRef = 5D1BE2D9232FD6D40089C4B0 /* libopencv_features2d.4.1.1.dylib */; };
		5D1BE33A232FD6D50089C4B0 /* libopencv_saliency.4.1.1.dylib in Frameworks */ = {isa = PBXBuildFile; fileRef = 5D1BE2DA232FD6D40089C4B0 /* libopencv_saliency.4.1.1.dylib */; };
		5D1BE33B232FD6D50089C4B0 /* libopencv_tracking.4.1.1.dylib in Frameworks */ = {isa = PBXBuildFile; fileRef = 5D1BE2DB232FD6D40089C4B0 /* libopencv_tracking.4.1.1.dylib */; };
		5D1BE33C232FD6D50089C4B0 /* libopencv_datasets.4.1.1.dylib in Frameworks */ = {isa = PBXBuildFile; fileRef = 5D1BE2DC232FD6D40089C4B0 /* libopencv_datasets.4.1.1.dylib */; };
		5D1BE33D232FD6D50089C4B0 /* libopencv_bgsegm.a in Frameworks */ = {isa = PBXBuildFile; fileRef = 5D1BE2DD232FD6D40089C4B0 /* libopencv_bgsegm.a */; };
		5D1BE33E232FD6D50089C4B0 /* libopencv_bioinspired.4.1.1.dylib in Frameworks */ = {isa = PBXBuildFile; fileRef = 5D1BE2DE232FD6D40089C4B0 /* libopencv_bioinspired.4.1.1.dylib */; };
		5D1BE33F232FD6D50089C4B0 /* libopencv_imgcodecs.a in Frameworks */ = {isa = PBXBuildFile; fileRef = 5D1BE2DF232FD6D40089C4B0 /* libopencv_imgcodecs.a */; };
		5D1BE340232FD6D50089C4B0 /* libopencv_stereo.a in Frameworks */ = {isa = PBXBuildFile; fileRef = 5D1BE2E0232FD6D40089C4B0 /* libopencv_stereo.a */; };
		5D1BE341232FD6D50089C4B0 /* libopencv_objdetect.4.1.1.dylib in Frameworks */ = {isa = PBXBuildFile; fileRef = 5D1BE2E1232FD6D40089C4B0 /* libopencv_objdetect.4.1.1.dylib */; };
		5D1BE342232FD6D50089C4B0 /* libopencv_fuzzy.4.1.1.dylib in Frameworks */ = {isa = PBXBuildFile; fileRef = 5D1BE2E2232FD6D40089C4B0 /* libopencv_fuzzy.4.1.1.dylib */; };
		5D1BE343232FD6D50089C4B0 /* libopencv_text.4.1.1.dylib in Frameworks */ = {isa = PBXBuildFile; fileRef = 5D1BE2E3232FD6D40089C4B0 /* libopencv_text.4.1.1.dylib */; };
		5D1BE344232FD6D50089C4B0 /* libopencv_objdetect.a in Frameworks */ = {isa = PBXBuildFile; fileRef = 5D1BE2E4232FD6D40089C4B0 /* libopencv_objdetect.a */; };
		5D1BE345232FD6D50089C4B0 /* libopencv_face.a in Frameworks */ = {isa = PBXBuildFile; fileRef = 5D1BE2E5232FD6D40089C4B0 /* libopencv_face.a */; };
		5D1BE346232FD6D50089C4B0 /* libopencv_ccalib.4.1.1.dylib in Frameworks */ = {isa = PBXBuildFile; fileRef = 5D1BE2E6232FD6D40089C4B0 /* libopencv_ccalib.4.1.1.dylib */; };
		5D1BE347232FD6D50089C4B0 /* libopencv_freetype.a in Frameworks */ = {isa = PBXBuildFile; fileRef = 5D1BE2E7232FD6D40089C4B0 /* libopencv_freetype.a */; };
		5D1BE348232FD6D50089C4B0 /* libopencv_imgproc.4.1.1.dylib in Frameworks */ = {isa = PBXBuildFile; fileRef = 5D1BE2E8232FD6D40089C4B0 /* libopencv_imgproc.4.1.1.dylib */; };
		5D1BE349232FD6D50089C4B0 /* libopencv_line_descriptor.4.1.1.dylib in Frameworks */ = {isa = PBXBuildFile; fileRef = 5D1BE2E9232FD6D40089C4B0 /* libopencv_line_descriptor.4.1.1.dylib */; };
		5D1BE34A232FD6D50089C4B0 /* libopencv_datasets.a in Frameworks */ = {isa = PBXBuildFile; fileRef = 5D1BE2EA232FD6D40089C4B0 /* libopencv_datasets.a */; };
		5D1BE34B232FD6D50089C4B0 /* libopencv_calib3d.a in Frameworks */ = {isa = PBXBuildFile; fileRef = 5D1BE2EB232FD6D40089C4B0 /* libopencv_calib3d.a */; };
		5D1BE34C232FD6D50089C4B0 /* libopencv_dnn.a in Frameworks */ = {isa = PBXBuildFile; fileRef = 5D1BE2EC232FD6D40089C4B0 /* libopencv_dnn.a */; };
		5D1BE34D232FD6D50089C4B0 /* libopencv_dnn.4.1.1.dylib in Frameworks */ = {isa = PBXBuildFile; fileRef = 5D1BE2ED232FD6D40089C4B0 /* libopencv_dnn.4.1.1.dylib */; };
		5D1BE34E232FD6D50089C4B0 /* libopencv_hfs.a in Frameworks */ = {isa = PBXBuildFile; fileRef = 5D1BE2EE232FD6D40089C4B0 /* libopencv_hfs.a */; };
		5D1BE34F232FD6D50089C4B0 /* libopencv_optflow.4.1.1.dylib in Frameworks */ = {isa = PBXBuildFile; fileRef = 5D1BE2EF232FD6D40089C4B0 /* libopencv_optflow.4.1.1.dylib */; };
		5D1BE350232FD6D50089C4B0 /* libopencv_bgsegm.4.1.1.dylib in Frameworks */ = {isa = PBXBuildFile; fileRef = 5D1BE2F0232FD6D40089C4B0 /* libopencv_bgsegm.4.1.1.dylib */; };
		5D1BE351232FD6D50089C4B0 /* libopencv_phase_unwrapping.a in Frameworks */ = {isa = PBXBuildFile; fileRef = 5D1BE2F1232FD6D40089C4B0 /* libopencv_phase_unwrapping.a */; };
		5D1BE352232FD6D50089C4B0 /* libopencv_features2d.a in Frameworks */ = {isa = PBXBuildFile; fileRef = 5D1BE2F2232FD6D40089C4B0 /* libopencv_features2d.a */; };
		5D1BE353232FD6D50089C4B0 /* libopencv_quality.4.1.1.dylib in Frameworks */ = {isa = PBXBuildFile; fileRef = 5D1BE2F3232FD6D40089C4B0 /* libopencv_quality.4.1.1.dylib */; };
		5D1BE354232FD6D50089C4B0 /* libopencv_sfm.4.1.1.dylib in Frameworks */ = {isa = PBXBuildFile; fileRef = 5D1BE2F4232FD6D40089C4B0 /* libopencv_sfm.4.1.1.dylib */; };
		5D1BE355232FD6D50089C4B0 /* libopencv_gapi.4.1.1.dylib in Frameworks */ = {isa = PBXBuildFile; fileRef = 5D1BE2F5232FD6D40089C4B0 /* libopencv_gapi.4.1.1.dylib */; };
		5D1BE356232FD6D50089C4B0 /* libopencv_core.4.1.1.dylib in Frameworks */ = {isa = PBXBuildFile; fileRef = 5D1BE2F6232FD6D40089C4B0 /* libopencv_core.4.1.1.dylib */; };
		5D1BE357232FD6D50089C4B0 /* libopencv_hfs.4.1.1.dylib in Frameworks */ = {isa = PBXBuildFile; fileRef = 5D1BE2F7232FD6D40089C4B0 /* libopencv_hfs.4.1.1.dylib */; };
		5D1BE358232FD6D50089C4B0 /* libopencv_dpm.4.1.1.dylib in Frameworks */ = {isa = PBXBuildFile; fileRef = 5D1BE2F8232FD6D40089C4B0 /* libopencv_dpm.4.1.1.dylib */; };
		5D1BE359232FD6D50089C4B0 /* libopencv_img_hash.4.1.1.dylib in Frameworks */ = {isa = PBXBuildFile; fileRef = 5D1BE2F9232FD6D40089C4B0 /* libopencv_img_hash.4.1.1.dylib */; };
/* End PBXBuildFile section */

/* Begin PBXCopyFilesBuildPhase section */
		5D1BE28D232FD6890089C4B0 /* CopyFiles */ = {
			isa = PBXCopyFilesBuildPhase;
			buildActionMask = 2147483647;
			dstPath = /usr/share/man/man1/;
			dstSubfolderSpec = 0;
			files = (
			);
			runOnlyForDeploymentPostprocessing = 1;
		};
/* End PBXCopyFilesBuildPhase section */

/* Begin PBXFileReference section */
		5D1BE28F232FD6890089C4B0 /* OpenCV10-图像膨胀与腐蚀 */ = {isa = PBXFileReference; explicitFileType = "compiled.mach-o.executable"; includeInIndex = 0; path = "OpenCV10-图像膨胀与腐蚀"; sourceTree = BUILT_PRODUCTS_DIR; };
		5D1BE292232FD6890089C4B0 /* main.cpp */ = {isa = PBXFileReference; lastKnownFileType = sourcecode.cpp.cpp; path = main.cpp; sourceTree = "<group>"; };
		5D1BE29A232FD6D30089C4B0 /* libopencv_shape.4.1.1.dylib */ = {isa = PBXFileReference; lastKnownFileType = "compiled.mach-o.dylib"; name = libopencv_shape.4.1.1.dylib; path = ../../../../../../usr/local/Cellar/opencv/4.1.1_1/lib/libopencv_shape.4.1.1.dylib; sourceTree = "<group>"; };
		5D1BE29B232FD6D30089C4B0 /* libopencv_superres.a */ = {isa = PBXFileReference; lastKnownFileType = archive.ar; name = libopencv_superres.a; path = ../../../../../../usr/local/Cellar/opencv/4.1.1_1/lib/libopencv_superres.a; sourceTree = "<group>"; };
		5D1BE29C232FD6D30089C4B0 /* libopencv_text.a */ = {isa = PBXFileReference; lastKnownFileType = archive.ar; name = libopencv_text.a; path = ../../../../../../usr/local/Cellar/opencv/4.1.1_1/lib/libopencv_text.a; sourceTree = "<group>"; };
		5D1BE29D232FD6D30089C4B0 /* libopencv_img_hash.a */ = {isa = PBXFileReference; lastKnownFileType = archive.ar; name = libopencv_img_hash.a; path = ../../../../../../usr/local/Cellar/opencv/4.1.1_1/lib/libopencv_img_hash.a; sourceTree = "<group>"; };
		5D1BE29E232FD6D30089C4B0 /* libopencv_video.4.1.1.dylib */ = {isa = PBXFileReference; lastKnownFileType = "compiled.mach-o.dylib"; name = libopencv_video.4.1.1.dylib; path = ../../../../../../usr/local/Cellar/opencv/4.1.1_1/lib/libopencv_video.4.1.1.dylib; sourceTree = "<group>"; };
		5D1BE29F232FD6D30089C4B0 /* libopencv_surface_matching.4.1.1.dylib */ = {isa = PBXFileReference; lastKnownFileType = "compiled.mach-o.dylib"; name = libopencv_surface_matching.4.1.1.dylib; path = ../../../../../../usr/local/Cellar/opencv/4.1.1_1/lib/libopencv_surface_matching.4.1.1.dylib; sourceTree = "<group>"; };
		5D1BE2A0232FD6D30089C4B0 /* libopencv_videostab.a */ = {isa = PBXFileReference; lastKnownFileType = archive.ar; name = libopencv_videostab.a; path = ../../../../../../usr/local/Cellar/opencv/4.1.1_1/lib/libopencv_videostab.a; sourceTree = "<group>"; };
		5D1BE2A1232FD6D30089C4B0 /* libopencv_structured_light.4.1.1.dylib */ = {isa = PBXFileReference; lastKnownFileType = "compiled.mach-o.dylib"; name = libopencv_structured_light.4.1.1.dylib; path = ../../../../../../usr/local/Cellar/opencv/4.1.1_1/lib/libopencv_structured_light.4.1.1.dylib; sourceTree = "<group>"; };
		5D1BE2A2232FD6D30089C4B0 /* libopencv_line_descriptor.a */ = {isa = PBXFileReference; lastKnownFileType = archive.ar; name = libopencv_line_descriptor.a; path = ../../../../../../usr/local/Cellar/opencv/4.1.1_1/lib/libopencv_line_descriptor.a; sourceTree = "<group>"; };
		5D1BE2A3232FD6D30089C4B0 /* libopencv_video.a */ = {isa = PBXFileReference; lastKnownFileType = archive.ar; name = libopencv_video.a; path = ../../../../../../usr/local/Cellar/opencv/4.1.1_1/lib/libopencv_video.a; sourceTree = "<group>"; };
		5D1BE2A4232FD6D30089C4B0 /* libopencv_structured_light.a */ = {isa = PBXFileReference; lastKnownFileType = archive.ar; name = libopencv_structured_light.a; path = ../../../../../../usr/local/Cellar/opencv/4.1.1_1/lib/libopencv_structured_light.a; sourceTree = "<group>"; };
		5D1BE2A5232FD6D30089C4B0 /* libopencv_ximgproc.4.1.1.dylib */ = {isa = PBXFileReference; lastKnownFileType = "compiled.mach-o.dylib"; name = libopencv_ximgproc.4.1.1.dylib; path = ../../../../../../usr/local/Cellar/opencv/4.1.1_1/lib/libopencv_ximgproc.4.1.1.dylib; sourceTree = "<group>"; };
		5D1BE2A6232FD6D30089C4B0 /* libopencv_aruco.4.1.1.dylib */ = {isa = PBXFileReference; lastKnownFileType = "compiled.mach-o.dylib"; name = libopencv_aruco.4.1.1.dylib; path = ../../../../../../usr/local/Cellar/opencv/4.1.1_1/lib/libopencv_aruco.4.1.1.dylib; sourceTree = "<group>"; };
		5D1BE2A7232FD6D30089C4B0 /* libopencv_xobjdetect.4.1.1.dylib */ = {isa = PBXFileReference; lastKnownFileType = "compiled.mach-o.dylib"; name = libopencv_xobjdetect.4.1.1.dylib; path = ../../../../../../usr/local/Cellar/opencv/4.1.1_1/lib/libopencv_xobjdetect.4.1.1.dylib; sourceTree = "<group>"; };
		5D1BE2A8232FD6D30089C4B0 /* libopencv_xobjdetect.a */ = {isa = PBXFileReference; lastKnownFileType = archive.ar; name = libopencv_xobjdetect.a; path = ../../../../../../usr/local/Cellar/opencv/4.1.1_1/lib/libopencv_xobjdetect.a; sourceTree = "<group>"; };
		5D1BE2A9232FD6D30089C4B0 /* libopencv_bioinspired.a */ = {isa = PBXFileReference; lastKnownFileType = archive.ar; name = libopencv_bioinspired.a; path = ../../../../../../usr/local/Cellar/opencv/4.1.1_1/lib/libopencv_bioinspired.a; sourceTree = "<group>"; };
		5D1BE2AA232FD6D40089C4B0 /* libopencv_xphoto.a */ = {isa = PBXFileReference; lastKnownFileType = archive.ar; name = libopencv_xphoto.a; path = ../../../../../../usr/local/Cellar/opencv/4.1.1_1/lib/libopencv_xphoto.a; sourceTree = "<group>"; };
		5D1BE2AB232FD6D40089C4B0 /* libopencv_stereo.4.1.1.dylib */ = {isa = PBXFileReference; lastKnownFileType = "compiled.mach-o.dylib"; name = libopencv_stereo.4.1.1.dylib; path = ../../../../../../usr/local/Cellar/opencv/4.1.1_1/lib/libopencv_stereo.4.1.1.dylib; sourceTree = "<group>"; };
		5D1BE2AC232FD6D40089C4B0 /* libopencv_plot.a */ = {isa = PBXFileReference; lastKnownFileType = archive.ar; name = libopencv_plot.a; path = ../../../../../../usr/local/Cellar/opencv/4.1.1_1/lib/libopencv_plot.a; sourceTree = "<group>"; };
		5D1BE2AD232FD6D40089C4B0 /* libopencv_highgui.4.1.1.dylib */ = {isa = PBXFileReference; lastKnownFileType = "compiled.mach-o.dylib"; name = libopencv_highgui.4.1.1.dylib; path = ../../../../../../usr/local/Cellar/opencv/4.1.1_1/lib/libopencv_highgui.4.1.1.dylib; sourceTree = "<group>"; };
		5D1BE2AE232FD6D40089C4B0 /* libopencv_shape.a */ = {isa = PBXFileReference; lastKnownFileType = archive.ar; name = libopencv_shape.a; path = ../../../../../../usr/local/Cellar/opencv/4.1.1_1/lib/libopencv_shape.a; sourceTree = "<group>"; };
		5D1BE2AF232FD6D40089C4B0 /* libopencv_imgproc.a */ = {isa = PBXFileReference; lastKnownFileType = archive.ar; name = libopencv_imgproc.a; path = ../../../../../../usr/local/Cellar/opencv/4.1.1_1/lib/libopencv_imgproc.a; sourceTree = "<group>"; };
		5D1BE2B0232FD6D40089C4B0 /* libopencv_videoio.4.1.1.dylib */ = {isa = PBXFileReference; lastKnownFileType = "compiled.mach-o.dylib"; name = libopencv_videoio.4.1.1.dylib; path = ../../../../../../usr/local/Cellar/opencv/4.1.1_1/lib/libopencv_videoio.4.1.1.dylib; sourceTree = "<group>"; };
		5D1BE2B1232FD6D40089C4B0 /* libopencv_core.a */ = {isa = PBXFileReference; lastKnownFileType = archive.ar; name = libopencv_core.a; path = ../../../../../../usr/local/Cellar/opencv/4.1.1_1/lib/libopencv_core.a; sourceTree = "<group>"; };
		5D1BE2B2232FD6D40089C4B0 /* libopencv_freetype.4.1.1.dylib */ = {isa = PBXFileReference; lastKnownFileType = "compiled.mach-o.dylib"; name = libopencv_freetype.4.1.1.dylib; path = ../../../../../../usr/local/Cellar/opencv/4.1.1_1/lib/libopencv_freetype.4.1.1.dylib; sourceTree = "<group>"; };
		5D1BE2B3232FD6D40089C4B0 /* libopencv_imgcodecs.4.1.1.dylib */ = {isa = PBXFileReference; lastKnownFileType = "compiled.mach-o.dylib"; name = libopencv_imgcodecs.4.1.1.dylib; path = ../../../../../../usr/local/Cellar/opencv/4.1.1_1/lib/libopencv_imgcodecs.4.1.1.dylib; sourceTree = "<group>"; };
		5D1BE2B4232FD6D40089C4B0 /* libopencv_ml.a */ = {isa = PBXFileReference; lastKnownFileType = archive.ar; name = libopencv_ml.a; path = ../../../../../../usr/local/Cellar/opencv/4.1.1_1/lib/libopencv_ml.a; sourceTree = "<group>"; };
		5D1BE2B5232FD6D40089C4B0 /* libopencv_aruco.a */ = {isa = PBXFileReference; lastKnownFileType = archive.ar; name = libopencv_aruco.a; path = ../../../../../../usr/local/Cellar/opencv/4.1.1_1/lib/libopencv_aruco.a; sourceTree = "<group>"; };
		5D1BE2B6232FD6D40089C4B0 /* libopencv_fuzzy.a */ = {isa = PBXFileReference; lastKnownFileType = archive.ar; name = libopencv_fuzzy.a; path = ../../../../../../usr/local/Cellar/opencv/4.1.1_1/lib/libopencv_fuzzy.a; sourceTree = "<group>"; };
		5D1BE2B7232FD6D40089C4B0 /* libopencv_calib3d.4.1.1.dylib */ = {isa = PBXFileReference; lastKnownFileType = "compiled.mach-o.dylib"; name = libopencv_calib3d.4.1.1.dylib; path = ../../../../../../usr/local/Cellar/opencv/4.1.1_1/lib/libopencv_calib3d.4.1.1.dylib; sourceTree = "<group>"; };
		5D1BE2B8232FD6D40089C4B0 /* libopencv_gapi.a */ = {isa = PBXFileReference; lastKnownFileType = archive.ar; name = libopencv_gapi.a; path = ../../../../../../usr/local/Cellar/opencv/4.1.1_1/lib/libopencv_gapi.a; sourceTree = "<group>"; };
		5D1BE2B9232FD6D40089C4B0 /* libopencv_plot.4.1.1.dylib */ = {isa = PBXFileReference; lastKnownFileType = "compiled.mach-o.dylib"; name = libopencv_plot.4.1.1.dylib; path = ../../../../../../usr/local/Cellar/opencv/4.1.1_1/lib/libopencv_plot.4.1.1.dylib; sourceTree = "<group>"; };
		5D1BE2BA232FD6D40089C4B0 /* libopencv_reg.4.1.1.dylib */ = {isa = PBXFileReference; lastKnownFileType = "compiled.mach-o.dylib"; name = libopencv_reg.4.1.1.dylib; path = ../../../../../../usr/local/Cellar/opencv/4.1.1_1/lib/libopencv_reg.4.1.1.dylib; sourceTree = "<group>"; };
		5D1BE2BB232FD6D40089C4B0 /* libopencv_stitching.a */ = {isa = PBXFileReference; lastKnownFileType = archive.ar; name = libopencv_stitching.a; path = ../../../../../../usr/local/Cellar/opencv/4.1.1_1/lib/libopencv_stitching.a; sourceTree = "<group>"; };
		5D1BE2BC232FD6D40089C4B0 /* libopencv_xphoto.4.1.1.dylib */ = {isa = PBXFileReference; lastKnownFileType = "compiled.mach-o.dylib"; name = libopencv_xphoto.4.1.1.dylib; path = ../../../../../../usr/local/Cellar/opencv/4.1.1_1/lib/libopencv_xphoto.4.1.1.dylib; sourceTree = "<group>"; };
		5D1BE2BD232FD6D40089C4B0 /* libopencv_phase_unwrapping.4.1.1.dylib */ = {isa = PBXFileReference; lastKnownFileType = "compiled.mach-o.dylib"; name = libopencv_phase_unwrapping.4.1.1.dylib; path = ../../../../../../usr/local/Cellar/opencv/4.1.1_1/lib/libopencv_phase_unwrapping.4.1.1.dylib; sourceTree = "<group>"; };
		5D1BE2BE232FD6D40089C4B0 /* libopencv_dpm.a */ = {isa = PBXFileReference; lastKnownFileType = archive.ar; name = libopencv_dpm.a; path = ../../../../../../usr/local/Cellar/opencv/4.1.1_1/lib/libopencv_dpm.a; sourceTree = "<group>"; };
		5D1BE2BF232FD6D40089C4B0 /* libopencv_saliency.a */ = {isa = PBXFileReference; lastKnownFileType = archive.ar; name = libopencv_saliency.a; path = ../../../../../../usr/local/Cellar/opencv/4.1.1_1/lib/libopencv_saliency.a; sourceTree = "<group>"; };
		5D1BE2C0232FD6D40089C4B0 /* libopencv_videoio.a */ = {isa = PBXFileReference; lastKnownFileType = archive.ar; name = libopencv_videoio.a; path = ../../../../../../usr/local/Cellar/opencv/4.1.1_1/lib/libopencv_videoio.a; sourceTree = "<group>"; };
		5D1BE2C1232FD6D40089C4B0 /* libopencv_optflow.a */ = {isa = PBXFileReference; lastKnownFileType = archive.ar; name = libopencv_optflow.a; path = ../../../../../../usr/local/Cellar/opencv/4.1.1_1/lib/libopencv_optflow.a; sourceTree = "<group>"; };
		5D1BE2C2232FD6D40089C4B0 /* libopencv_ml.4.1.1.dylib */ = {isa = PBXFileReference; lastKnownFileType = "compiled.mach-o.dylib"; name = libopencv_ml.4.1.1.dylib; path = ../../../../../../usr/local/Cellar/opencv/4.1.1_1/lib/libopencv_ml.4.1.1.dylib; sourceTree = "<group>"; };
		5D1BE2C3232FD6D40089C4B0 /* libopencv_flann.a */ = {isa = PBXFileReference; lastKnownFileType = archive.ar; name = libopencv_flann.a; path = ../../../../../../usr/local/Cellar/opencv/4.1.1_1/lib/libopencv_flann.a; sourceTree = "<group>"; };
		5D1BE2C4232FD6D40089C4B0 /* libopencv_highgui.a */ = {isa = PBXFileReference; lastKnownFileType = archive.ar; name = libopencv_highgui.a; path = ../../../../../../usr/local/Cellar/opencv/4.1.1_1/lib/libopencv_highgui.a; sourceTree = "<group>"; };
		5D1BE2C5232FD6D40089C4B0 /* libopencv_rgbd.a */ = {isa = PBXFileReference; lastKnownFileType = archive.ar; name = libopencv_rgbd.a; path = ../../../../../../usr/local/Cellar/opencv/4.1.1_1/lib/libopencv_rgbd.a; sourceTree = "<group>"; };
		5D1BE2C6232FD6D40089C4B0 /* libopencv_videostab.4.1.1.dylib */ = {isa = PBXFileReference; lastKnownFileType = "compiled.mach-o.dylib"; name = libopencv_videostab.4.1.1.dylib; path = ../../../../../../usr/local/Cellar/opencv/4.1.1_1/lib/libopencv_videostab.4.1.1.dylib; sourceTree = "<group>"; };
		5D1BE2C7232FD6D40089C4B0 /* libopencv_ximgproc.a */ = {isa = PBXFileReference; lastKnownFileType = archive.ar; name = libopencv_ximgproc.a; path = ../../../../../../usr/local/Cellar/opencv/4.1.1_1/lib/libopencv_ximgproc.a; sourceTree = "<group>"; };
		5D1BE2C8232FD6D40089C4B0 /* libopencv_ccalib.a */ = {isa = PBXFileReference; lastKnownFileType = archive.ar; name = libopencv_ccalib.a; path = ../../../../../../usr/local/Cellar/opencv/4.1.1_1/lib/libopencv_ccalib.a; sourceTree = "<group>"; };
		5D1BE2C9232FD6D40089C4B0 /* libopencv_reg.a */ = {isa = PBXFileReference; lastKnownFileType = archive.ar; name = libopencv_reg.a; path = ../../../../../../usr/local/Cellar/opencv/4.1.1_1/lib/libopencv_reg.a; sourceTree = "<group>"; };
		5D1BE2CA232FD6D40089C4B0 /* libopencv_photo.a */ = {isa = PBXFileReference; lastKnownFileType = archive.ar; name = libopencv_photo.a; path = ../../../../../../usr/local/Cellar/opencv/4.1.1_1/lib/libopencv_photo.a; sourceTree = "<group>"; };
		5D1BE2CB232FD6D40089C4B0 /* libopencv_rgbd.4.1.1.dylib */ = {isa = PBXFileReference; lastKnownFileType = "compiled.mach-o.dylib"; name = libopencv_rgbd.4.1.1.dylib; path = ../../../../../../usr/local/Cellar/opencv/4.1.1_1/lib/libopencv_rgbd.4.1.1.dylib; sourceTree = "<group>"; };
		5D1BE2CC232FD6D40089C4B0 /* libopencv_dnn_objdetect.a */ = {isa = PBXFileReference; lastKnownFileType = archive.ar; name = libopencv_dnn_objdetect.a; path = ../../../../../../usr/local/Cellar/opencv/4.1.1_1/lib/libopencv_dnn_objdetect.a; sourceTree = "<group>"; };
		5D1BE2CD232FD6D40089C4B0 /* libopencv_flann.4.1.1.dylib */ = {isa = PBXFileReference; lastKnownFileType = "compiled.mach-o.dylib"; name = libopencv_flann.4.1.1.dylib; path = ../../../../../../usr/local/Cellar/opencv/4.1.1_1/lib/libopencv_flann.4.1.1.dylib; sourceTree = "<group>"; };
		5D1BE2CE232FD6D40089C4B0 /* libopencv_superres.4.1.1.dylib */ = {isa = PBXFileReference; lastKnownFileType = "compiled.mach-o.dylib"; name = libopencv_superres.4.1.1.dylib; path = ../../../../../../usr/local/Cellar/opencv/4.1.1_1/lib/libopencv_superres.4.1.1.dylib; sourceTree = "<group>"; };
		5D1BE2CF232FD6D40089C4B0 /* libopencv_surface_matching.a */ = {isa = PBXFileReference; lastKnownFileType = archive.ar; name = libopencv_surface_matching.a; path = ../../../../../../usr/local/Cellar/opencv/4.1.1_1/lib/libopencv_surface_matching.a; sourceTree = "<group>"; };
		5D1BE2D0232FD6D40089C4B0 /* libopencv_xfeatures2d.4.1.1.dylib */ = {isa = PBXFileReference; lastKnownFileType = "compiled.mach-o.dylib"; name = libopencv_xfeatures2d.4.1.1.dylib; path = ../../../../../../usr/local/Cellar/opencv/4.1.1_1/lib/libopencv_xfeatures2d.4.1.1.dylib; sourceTree = "<group>"; };
		5D1BE2D1232FD6D40089C4B0 /* libopencv_tracking.a */ = {isa = PBXFileReference; lastKnownFileType = archive.ar; name = libopencv_tracking.a; path = ../../../../../../usr/local/Cellar/opencv/4.1.1_1/lib/libopencv_tracking.a; sourceTree = "<group>"; };
		5D1BE2D2232FD6D40089C4B0 /* libopencv_stitching.4.1.1.dylib */ = {isa = PBXFileReference; lastKnownFileType = "compiled.mach-o.dylib"; name = libopencv_stitching.4.1.1.dylib; path = ../../../../../../usr/local/Cellar/opencv/4.1.1_1/lib/libopencv_stitching.4.1.1.dylib; sourceTree = "<group>"; };
		5D1BE2D3232FD6D40089C4B0 /* libopencv_dnn_objdetect.4.1.1.dylib */ = {isa = PBXFileReference; lastKnownFileType = "compiled.mach-o.dylib"; name = libopencv_dnn_objdetect.4.1.1.dylib; path = ../../../../../../usr/local/Cellar/opencv/4.1.1_1/lib/libopencv_dnn_objdetect.4.1.1.dylib; sourceTree = "<group>"; };
		5D1BE2D4232FD6D40089C4B0 /* libopencv_photo.4.1.1.dylib */ = {isa = PBXFileReference; lastKnownFileType = "compiled.mach-o.dylib"; name = libopencv_photo.4.1.1.dylib; path = ../../../../../../usr/local/Cellar/opencv/4.1.1_1/lib/libopencv_photo.4.1.1.dylib; sourceTree = "<group>"; };
		5D1BE2D5232FD6D40089C4B0 /* libopencv_face.4.1.1.dylib */ = {isa = PBXFileReference; lastKnownFileType = "compiled.mach-o.dylib"; name = libopencv_face.4.1.1.dylib; path = ../../../../../../usr/local/Cellar/opencv/4.1.1_1/lib/libopencv_face.4.1.1.dylib; sourceTree = "<group>"; };
		5D1BE2D6232FD6D40089C4B0 /* libopencv_quality.a */ = {isa = PBXFileReference; lastKnownFileType = archive.ar; name = libopencv_quality.a; path = ../../../../../../usr/local/Cellar/opencv/4.1.1_1/lib/libopencv_quality.a; sourceTree = "<group>"; };
		5D1BE2D7232FD6D40089C4B0 /* libopencv_sfm.a */ = {isa = PBXFileReference; lastKnownFileType = archive.ar; name = libopencv_sfm.a; path = ../../../../../../usr/local/Cellar/opencv/4.1.1_1/lib/libopencv_sfm.a; sourceTree = "<group>"; };
		5D1BE2D8232FD6D40089C4B0 /* libopencv_xfeatures2d.a */ = {isa = PBXFileReference; lastKnownFileType = archive.ar; name = libopencv_xfeatures2d.a; path = ../../../../../../usr/local/Cellar/opencv/4.1.1_1/lib/libopencv_xfeatures2d.a; sourceTree = "<group>"; };
		5D1BE2D9232FD6D40089C4B0 /* libopencv_features2d.4.1.1.dylib */ = {isa = PBXFileReference; lastKnownFileType = "compiled.mach-o.dylib"; name = libopencv_features2d.4.1.1.dylib; path = ../../../../../../usr/local/Cellar/opencv/4.1.1_1/lib/libopencv_features2d.4.1.1.dylib; sourceTree = "<group>"; };
		5D1BE2DA232FD6D40089C4B0 /* libopencv_saliency.4.1.1.dylib */ = {isa = PBXFileReference; lastKnownFileType = "compiled.mach-o.dylib"; name = libopencv_saliency.4.1.1.dylib; path = ../../../../../../usr/local/Cellar/opencv/4.1.1_1/lib/libopencv_saliency.4.1.1.dylib; sourceTree = "<group>"; };
		5D1BE2DB232FD6D40089C4B0 /* libopencv_tracking.4.1.1.dylib */ = {isa = PBXFileReference; lastKnownFileType = "compiled.mach-o.dylib"; name = libopencv_tracking.4.1.1.dylib; path = ../../../../../../usr/local/Cellar/opencv/4.1.1_1/lib/libopencv_tracking.4.1.1.dylib; sourceTree = "<group>"; };
		5D1BE2DC232FD6D40089C4B0 /* libopencv_datasets.4.1.1.dylib */ = {isa = PBXFileReference; lastKnownFileType = "compiled.mach-o.dylib"; name = libopencv_datasets.4.1.1.dylib; path = ../../../../../../usr/local/Cellar/opencv/4.1.1_1/lib/libopencv_datasets.4.1.1.dylib; sourceTree = "<group>"; };
		5D1BE2DD232FD6D40089C4B0 /* libopencv_bgsegm.a */ = {isa = PBXFileReference; lastKnownFileType = archive.ar; name = libopencv_bgsegm.a; path = ../../../../../../usr/local/Cellar/opencv/4.1.1_1/lib/libopencv_bgsegm.a; sourceTree = "<group>"; };
		5D1BE2DE232FD6D40089C4B0 /* libopencv_bioinspired.4.1.1.dylib */ = {isa = PBXFileReference; lastKnownFileType = "compiled.mach-o.dylib"; name = libopencv_bioinspired.4.1.1.dylib; path = ../../../../../../usr/local/Cellar/opencv/4.1.1_1/lib/libopencv_bioinspired.4.1.1.dylib; sourceTree = "<group>"; };
		5D1BE2DF232FD6D40089C4B0 /* libopencv_imgcodecs.a */ = {isa = PBXFileReference; lastKnownFileType = archive.ar; name = libopencv_imgcodecs.a; path = ../../../../../../usr/local/Cellar/opencv/4.1.1_1/lib/libopencv_imgcodecs.a; sourceTree = "<group>"; };
		5D1BE2E0232FD6D40089C4B0 /* libopencv_stereo.a */ = {isa = PBXFileReference; lastKnownFileType = archive.ar; name = libopencv_stereo.a; path = ../../../../../../usr/local/Cellar/opencv/4.1.1_1/lib/libopencv_stereo.a; sourceTree = "<group>"; };
		5D1BE2E1232FD6D40089C4B0 /* libopencv_objdetect.4.1.1.dylib */ = {isa = PBXFileReference; lastKnownFileType = "compiled.mach-o.dylib"; name = libopencv_objdetect.4.1.1.dylib; path = ../../../../../../usr/local/Cellar/opencv/4.1.1_1/lib/libopencv_objdetect.4.1.1.dylib; sourceTree = "<group>"; };
		5D1BE2E2232FD6D40089C4B0 /* libopencv_fuzzy.4.1.1.dylib */ = {isa = PBXFileReference; lastKnownFileType = "compiled.mach-o.dylib"; name = libopencv_fuzzy.4.1.1.dylib; path = ../../../../../../usr/local/Cellar/opencv/4.1.1_1/lib/libopencv_fuzzy.4.1.1.dylib; sourceTree = "<group>"; };
		5D1BE2E3232FD6D40089C4B0 /* libopencv_text.4.1.1.dylib */ = {isa = PBXFileReference; lastKnownFileType = "compiled.mach-o.dylib"; name = libopencv_text.4.1.1.dylib; path = ../../../../../../usr/local/Cellar/opencv/4.1.1_1/lib/libopencv_text.4.1.1.dylib; sourceTree = "<group>"; };
		5D1BE2E4232FD6D40089C4B0 /* libopencv_objdetect.a */ = {isa = PBXFileReference; lastKnownFileType = archive.ar; name = libopencv_objdetect.a; path = ../../../../../../usr/local/Cellar/opencv/4.1.1_1/lib/libopencv_objdetect.a; sourceTree = "<group>"; };
		5D1BE2E5232FD6D40089C4B0 /* libopencv_face.a */ = {isa = PBXFileReference; lastKnownFileType = archive.ar; name = libopencv_face.a; path = ../../../../../../usr/local/Cellar/opencv/4.1.1_1/lib/libopencv_face.a; sourceTree = "<group>"; };
		5D1BE2E6232FD6D40089C4B0 /* libopencv_ccalib.4.1.1.dylib */ = {isa = PBXFileReference; lastKnownFileType = "compiled.mach-o.dylib"; name = libopencv_ccalib.4.1.1.dylib; path = ../../../../../../usr/local/Cellar/opencv/4.1.1_1/lib/libopencv_ccalib.4.1.1.dylib; sourceTree = "<group>"; };
		5D1BE2E7232FD6D40089C4B0 /* libopencv_freetype.a */ = {isa = PBXFileReference; lastKnownFileType = archive.ar; name = libopencv_freetype.a; path = ../../../../../../usr/local/Cellar/opencv/4.1.1_1/lib/libopencv_freetype.a; sourceTree = "<group>"; };
		5D1BE2E8232FD6D40089C4B0 /* libopencv_imgproc.4.1.1.dylib */ = {isa = PBXFileReference; lastKnownFileType = "compiled.mach-o.dylib"; name = libopencv_imgproc.4.1.1.dylib; path = ../../../../../../usr/local/Cellar/opencv/4.1.1_1/lib/libopencv_imgproc.4.1.1.dylib; sourceTree = "<group>"; };
		5D1BE2E9232FD6D40089C4B0 /* libopencv_line_descriptor.4.1.1.dylib */ = {isa = PBXFileReference; lastKnownFileType = "compiled.mach-o.dylib"; name = libopencv_line_descriptor.4.1.1.dylib; path = ../../../../../../usr/local/Cellar/opencv/4.1.1_1/lib/libopencv_line_descriptor.4.1.1.dylib; sourceTree = "<group>"; };
		5D1BE2EA232FD6D40089C4B0 /* libopencv_datasets.a */ = {isa = PBXFileReference; lastKnownFileType = archive.ar; name = libopencv_datasets.a; path = ../../../../../../usr/local/Cellar/opencv/4.1.1_1/lib/libopencv_datasets.a; sourceTree = "<group>"; };
		5D1BE2EB232FD6D40089C4B0 /* libopencv_calib3d.a */ = {isa = PBXFileReference; lastKnownFileType = archive.ar; name = libopencv_calib3d.a; path = ../../../../../../usr/local/Cellar/opencv/4.1.1_1/lib/libopencv_calib3d.a; sourceTree = "<group>"; };
		5D1BE2EC232FD6D40089C4B0 /* libopencv_dnn.a */ = {isa = PBXFileReference; lastKnownFileType = archive.ar; name = libopencv_dnn.a; path = ../../../../../../usr/local/Cellar/opencv/4.1.1_1/lib/libopencv_dnn.a; sourceTree = "<group>"; };
		5D1BE2ED232FD6D40089C4B0 /* libopencv_dnn.4.1.1.dylib */ = {isa = PBXFileReference; lastKnownFileType = "compiled.mach-o.dylib"; name = libopencv_dnn.4.1.1.dylib; path = ../../../../../../usr/local/Cellar/opencv/4.1.1_1/lib/libopencv_dnn.4.1.1.dylib; sourceTree = "<group>"; };
		5D1BE2EE232FD6D40089C4B0 /* libopencv_hfs.a */ = {isa = PBXFileReference; lastKnownFileType = archive.ar; name = libopencv_hfs.a; path = ../../../../../../usr/local/Cellar/opencv/4.1.1_1/lib/libopencv_hfs.a; sourceTree = "<group>"; };
		5D1BE2EF232FD6D40089C4B0 /* libopencv_optflow.4.1.1.dylib */ = {isa = PBXFileReference; lastKnownFileType = "compiled.mach-o.dylib"; name = libopencv_optflow.4.1.1.dylib; path = ../../../../../../usr/local/Cellar/opencv/4.1.1_1/lib/libopencv_optflow.4.1.1.dylib; sourceTree = "<group>"; };
		5D1BE2F0232FD6D40089C4B0 /* libopencv_bgsegm.4.1.1.dylib */ = {isa = PBXFileReference; lastKnownFileType = "compiled.mach-o.dylib"; name = libopencv_bgsegm.4.1.1.dylib; path = ../../../../../../usr/local/Cellar/opencv/4.1.1_1/lib/libopencv_bgsegm.4.1.1.dylib; sourceTree = "<group>"; };
		5D1BE2F1232FD6D40089C4B0 /* libopencv_phase_unwrapping.a */ = {isa = PBXFileReference; lastKnownFileType = archive.ar; name = libopencv_phase_unwrapping.a; path = ../../../../../../usr/local/Cellar/opencv/4.1.1_1/lib/libopencv_phase_unwrapping.a; sourceTree = "<group>"; };
		5D1BE2F2232FD6D40089C4B0 /* libopencv_features2d.a */ = {isa = PBXFileReference; lastKnownFileType = archive.ar; name = libopencv_features2d.a; path = ../../../../../../usr/local/Cellar/opencv/4.1.1_1/lib/libopencv_features2d.a; sourceTree = "<group>"; };
		5D1BE2F3232FD6D40089C4B0 /* libopencv_quality.4.1.1.dylib */ = {isa = PBXFileReference; lastKnownFileType = "compiled.mach-o.dylib"; name = libopencv_quality.4.1.1.dylib; path = ../../../../../../usr/local/Cellar/opencv/4.1.1_1/lib/libopencv_quality.4.1.1.dylib; sourceTree = "<group>"; };
		5D1BE2F4232FD6D40089C4B0 /* libopencv_sfm.4.1.1.dylib */ = {isa = PBXFileReference; lastKnownFileType = "compiled.mach-o.dylib"; name = libopencv_sfm.4.1.1.dylib; path = ../../../../../../usr/local/Cellar/opencv/4.1.1_1/lib/libopencv_sfm.4.1.1.dylib; sourceTree = "<group>"; };
		5D1BE2F5232FD6D40089C4B0 /* libopencv_gapi.4.1.1.dylib */ = {isa = PBXFileReference; lastKnownFileType = "compiled.mach-o.dylib"; name = libopencv_gapi.4.1.1.dylib; path = ../../../../../../usr/local/Cellar/opencv/4.1.1_1/lib/libopencv_gapi.4.1.1.dylib; sourceTree = "<group>"; };
		5D1BE2F6232FD6D40089C4B0 /* libopencv_core.4.1.1.dylib */ = {isa = PBXFileReference; lastKnownFileType = "compiled.mach-o.dylib"; name = libopencv_core.4.1.1.dylib; path = ../../../../../../usr/local/Cellar/opencv/4.1.1_1/lib/libopencv_core.4.1.1.dylib; sourceTree = "<group>"; };
		5D1BE2F7232FD6D40089C4B0 /* libopencv_hfs.4.1.1.dylib */ = {isa = PBXFileReference; lastKnownFileType = "compiled.mach-o.dylib"; name = libopencv_hfs.4.1.1.dylib; path = ../../../../../../usr/local/Cellar/opencv/4.1.1_1/lib/libopencv_hfs.4.1.1.dylib; sourceTree = "<group>"; };
		5D1BE2F8232FD6D40089C4B0 /* libopencv_dpm.4.1.1.dylib */ = {isa = PBXFileReference; lastKnownFileType = "compiled.mach-o.dylib"; name = libopencv_dpm.4.1.1.dylib; path = ../../../../../../usr/local/Cellar/opencv/4.1.1_1/lib/libopencv_dpm.4.1.1.dylib; sourceTree = "<group>"; };
		5D1BE2F9232FD6D40089C4B0 /* libopencv_img_hash.4.1.1.dylib */ = {isa = PBXFileReference; lastKnownFileType = "compiled.mach-o.dylib"; name = libopencv_img_hash.4.1.1.dylib; path = ../../../../../../usr/local/Cellar/opencv/4.1.1_1/lib/libopencv_img_hash.4.1.1.dylib; sourceTree = "<group>"; };
		5D1BE35A232FDD270089C4B0 /* three.jpg */ = {isa = PBXFileReference; lastKnownFileType = image.jpeg; path = three.jpg; sourceTree = "<group>"; };
/* End PBXFileReference section */

/* Begin PBXFrameworksBuildPhase section */
		5D1BE28C232FD6890089C4B0 /* Frameworks */ = {
			isa = PBXFrameworksBuildPhase;
			buildActionMask = 2147483647;
			files = (
				5D1BE2FA232FD6D40089C4B0 /* libopencv_shape.4.1.1.dylib in Frameworks */,
				5D1BE2FB232FD6D50089C4B0 /* libopencv_superres.a in Frameworks */,
				5D1BE2FC232FD6D50089C4B0 /* libopencv_text.a in Frameworks */,
				5D1BE2FD232FD6D50089C4B0 /* libopencv_img_hash.a in Frameworks */,
				5D1BE2FE232FD6D50089C4B0 /* libopencv_video.4.1.1.dylib in Frameworks */,
				5D1BE2FF232FD6D50089C4B0 /* libopencv_surface_matching.4.1.1.dylib in Frameworks */,
				5D1BE300232FD6D50089C4B0 /* libopencv_videostab.a in Frameworks */,
				5D1BE301232FD6D50089C4B0 /* libopencv_structured_light.4.1.1.dylib in Frameworks */,
				5D1BE302232FD6D50089C4B0 /* libopencv_line_descriptor.a in Frameworks */,
				5D1BE303232FD6D50089C4B0 /* libopencv_video.a in Frameworks */,
				5D1BE304232FD6D50089C4B0 /* libopencv_structured_light.a in Frameworks */,
				5D1BE305232FD6D50089C4B0 /* libopencv_ximgproc.4.1.1.dylib in Frameworks */,
				5D1BE306232FD6D50089C4B0 /* libopencv_aruco.4.1.1.dylib in Frameworks */,
				5D1BE307232FD6D50089C4B0 /* libopencv_xobjdetect.4.1.1.dylib in Frameworks */,
				5D1BE308232FD6D50089C4B0 /* libopencv_xobjdetect.a in Frameworks */,
				5D1BE309232FD6D50089C4B0 /* libopencv_bioinspired.a in Frameworks */,
				5D1BE30A232FD6D50089C4B0 /* libopencv_xphoto.a in Frameworks */,
				5D1BE30B232FD6D50089C4B0 /* libopencv_stereo.4.1.1.dylib in Frameworks */,
				5D1BE30C232FD6D50089C4B0 /* libopencv_plot.a in Frameworks */,
				5D1BE30D232FD6D50089C4B0 /* libopencv_highgui.4.1.1.dylib in Frameworks */,
				5D1BE30E232FD6D50089C4B0 /* libopencv_shape.a in Frameworks */,
				5D1BE30F232FD6D50089C4B0 /* libopencv_imgproc.a in Frameworks */,
				5D1BE310232FD6D50089C4B0 /* libopencv_videoio.4.1.1.dylib in Frameworks */,
				5D1BE311232FD6D50089C4B0 /* libopencv_core.a in Frameworks */,
				5D1BE312232FD6D50089C4B0 /* libopencv_freetype.4.1.1.dylib in Frameworks */,
				5D1BE313232FD6D50089C4B0 /* libopencv_imgcodecs.4.1.1.dylib in Frameworks */,
				5D1BE314232FD6D50089C4B0 /* libopencv_ml.a in Frameworks */,
				5D1BE315232FD6D50089C4B0 /* libopencv_aruco.a in Frameworks */,
				5D1BE316232FD6D50089C4B0 /* libopencv_fuzzy.a in Frameworks */,
				5D1BE317232FD6D50089C4B0 /* libopencv_calib3d.4.1.1.dylib in Frameworks */,
				5D1BE318232FD6D50089C4B0 /* libopencv_gapi.a in Frameworks */,
				5D1BE319232FD6D50089C4B0 /* libopencv_plot.4.1.1.dylib in Frameworks */,
				5D1BE31A232FD6D50089C4B0 /* libopencv_reg.4.1.1.dylib in Frameworks */,
				5D1BE31B232FD6D50089C4B0 /* libopencv_stitching.a in Frameworks */,
				5D1BE31C232FD6D50089C4B0 /* libopencv_xphoto.4.1.1.dylib in Frameworks */,
				5D1BE31D232FD6D50089C4B0 /* libopencv_phase_unwrapping.4.1.1.dylib in Frameworks */,
				5D1BE31E232FD6D50089C4B0 /* libopencv_dpm.a in Frameworks */,
				5D1BE31F232FD6D50089C4B0 /* libopencv_saliency.a in Frameworks */,
				5D1BE320232FD6D50089C4B0 /* libopencv_videoio.a in Frameworks */,
				5D1BE321232FD6D50089C4B0 /* libopencv_optflow.a in Frameworks */,
				5D1BE322232FD6D50089C4B0 /* libopencv_ml.4.1.1.dylib in Frameworks */,
				5D1BE323232FD6D50089C4B0 /* libopencv_flann.a in Frameworks */,
				5D1BE324232FD6D50089C4B0 /* libopencv_highgui.a in Frameworks */,
				5D1BE325232FD6D50089C4B0 /* libopencv_rgbd.a in Frameworks */,
				5D1BE326232FD6D50089C4B0 /* libopencv_videostab.4.1.1.dylib in Frameworks */,
				5D1BE327232FD6D50089C4B0 /* libopencv_ximgproc.a in Frameworks */,
				5D1BE328232FD6D50089C4B0 /* libopencv_ccalib.a in Frameworks */,
				5D1BE329232FD6D50089C4B0 /* libopencv_reg.a in Frameworks */,
				5D1BE32A232FD6D50089C4B0 /* libopencv_photo.a in Frameworks */,
				5D1BE32B232FD6D50089C4B0 /* libopencv_rgbd.4.1.1.dylib in Frameworks */,
				5D1BE32C232FD6D50089C4B0 /* libopencv_dnn_objdetect.a in Frameworks */,
				5D1BE32D232FD6D50089C4B0 /* libopencv_flann.4.1.1.dylib in Frameworks */,
				5D1BE32E232FD6D50089C4B0 /* libopencv_superres.4.1.1.dylib in Frameworks */,
				5D1BE32F232FD6D50089C4B0 /* libopencv_surface_matching.a in Frameworks */,
				5D1BE330232FD6D50089C4B0 /* libopencv_xfeatures2d.4.1.1.dylib in Frameworks */,
				5D1BE331232FD6D50089C4B0 /* libopencv_tracking.a in Frameworks */,
				5D1BE332232FD6D50089C4B0 /* libopencv_stitching.4.1.1.dylib in Frameworks */,
				5D1BE333232FD6D50089C4B0 /* libopencv_dnn_objdetect.4.1.1.dylib in Frameworks */,
				5D1BE334232FD6D50089C4B0 /* libopencv_photo.4.1.1.dylib in Frameworks */,
				5D1BE335232FD6D50089C4B0 /* libopencv_face.4.1.1.dylib in Frameworks */,
				5D1BE336232FD6D50089C4B0 /* libopencv_quality.a in Frameworks */,
				5D1BE337232FD6D50089C4B0 /* libopencv_sfm.a in Frameworks */,
				5D1BE338232FD6D50089C4B0 /* libopencv_xfeatures2d.a in Frameworks */,
				5D1BE339232FD6D50089C4B0 /* libopencv_features2d.4.1.1.dylib in Frameworks */,
				5D1BE33A232FD6D50089C4B0 /* libopencv_saliency.4.1.1.dylib in Frameworks */,
				5D1BE33B232FD6D50089C4B0 /* libopencv_tracking.4.1.1.dylib in Frameworks */,
				5D1BE33C232FD6D50089C4B0 /* libopencv_datasets.4.1.1.dylib in Frameworks */,
				5D1BE33D232FD6D50089C4B0 /* libopencv_bgsegm.a in Frameworks */,
				5D1BE33E232FD6D50089C4B0 /* libopencv_bioinspired.4.1.1.dylib in Frameworks */,
				5D1BE33F232FD6D50089C4B0 /* libopencv_imgcodecs.a in Frameworks */,
				5D1BE340232FD6D50089C4B0 /* libopencv_stereo.a in Frameworks */,
				5D1BE341232FD6D50089C4B0 /* libopencv_objdetect.4.1.1.dylib in Frameworks */,
				5D1BE342232FD6D50089C4B0 /* libopencv_fuzzy.4.1.1.dylib in Frameworks */,
				5D1BE343232FD6D50089C4B0 /* libopencv_text.4.1.1.dylib in Frameworks */,
				5D1BE344232FD6D50089C4B0 /* libopencv_objdetect.a in Frameworks */,
				5D1BE345232FD6D50089C4B0 /* libopencv_face.a in Frameworks */,
				5D1BE346232FD6D50089C4B0 /* libopencv_ccalib.4.1.1.dylib in Frameworks */,
				5D1BE347232FD6D50089C4B0 /* libopencv_freetype.a in Frameworks */,
				5D1BE348232FD6D50089C4B0 /* libopencv_imgproc.4.1.1.dylib in Frameworks */,
				5D1BE349232FD6D50089C4B0 /* libopencv_line_descriptor.4.1.1.dylib in Frameworks */,
				5D1BE34A232FD6D50089C4B0 /* libopencv_datasets.a in Frameworks */,
				5D1BE34B232FD6D50089C4B0 /* libopencv_calib3d.a in Frameworks */,
				5D1BE34C232FD6D50089C4B0 /* libopencv_dnn.a in Frameworks */,
				5D1BE34D232FD6D50089C4B0 /* libopencv_dnn.4.1.1.dylib in Frameworks */,
				5D1BE34E232FD6D50089C4B0 /* libopencv_hfs.a in Frameworks */,
				5D1BE34F232FD6D50089C4B0 /* libopencv_optflow.4.1.1.dylib in Frameworks */,
				5D1BE350232FD6D50089C4B0 /* libopencv_bgsegm.4.1.1.dylib in Frameworks */,
				5D1BE351232FD6D50089C4B0 /* libopencv_phase_unwrapping.a in Frameworks */,
				5D1BE352232FD6D50089C4B0 /* libopencv_features2d.a in Frameworks */,
				5D1BE353232FD6D50089C4B0 /* libopencv_quality.4.1.1.dylib in Frameworks */,
				5D1BE354232FD6D50089C4B0 /* libopencv_sfm.4.1.1.dylib in Frameworks */,
				5D1BE355232FD6D50089C4B0 /* libopencv_gapi.4.1.1.dylib in Frameworks */,
				5D1BE356232FD6D50089C4B0 /* libopencv_core.4.1.1.dylib in Frameworks */,
				5D1BE357232FD6D50089C4B0 /* libopencv_hfs.4.1.1.dylib in Frameworks */,
				5D1BE358232FD6D50089C4B0 /* libopencv_dpm.4.1.1.dylib in Frameworks */,
				5D1BE359232FD6D50089C4B0 /* libopencv_img_hash.4.1.1.dylib in Frameworks */,
			);
			runOnlyForDeploymentPostprocessing = 0;
		};
/* End PBXFrameworksBuildPhase section */

/* Begin PBXGroup section */
		5D1BE286232FD6890089C4B0 = {
			isa = PBXGroup;
			children = (
				5D1BE291232FD6890089C4B0 /* OpenCV10-图像膨胀与腐蚀 */,
				5D1BE290232FD6890089C4B0 /* Products */,
				5D1BE299232FD6D30089C4B0 /* Frameworks */,
			);
			sourceTree = "<group>";
		};
		5D1BE290232FD6890089C4B0 /* Products */ = {
			isa = PBXGroup;
			children = (
				5D1BE28F232FD6890089C4B0 /* OpenCV10-图像膨胀与腐蚀 */,
			);
			name = Products;
			sourceTree = "<group>";
		};
		5D1BE291232FD6890089C4B0 /* OpenCV10-图像膨胀与腐蚀 */ = {
			isa = PBXGroup;
			children = (
				5D1BE35A232FDD270089C4B0 /* three.jpg */,
				5D1BE292232FD6890089C4B0 /* main.cpp */,
			);
			path = "OpenCV10-图像膨胀与腐蚀";
			sourceTree = "<group>";
		};
		5D1BE299232FD6D30089C4B0 /* Frameworks */ = {
			isa = PBXGroup;
			children = (
				5D1BE2A6232FD6D30089C4B0 /* libopencv_aruco.4.1.1.dylib */,
				5D1BE2B5232FD6D40089C4B0 /* libopencv_aruco.a */,
				5D1BE2F0232FD6D40089C4B0 /* libopencv_bgsegm.4.1.1.dylib */,
				5D1BE2DD232FD6D40089C4B0 /* libopencv_bgsegm.a */,
				5D1BE2DE232FD6D40089C4B0 /* libopencv_bioinspired.4.1.1.dylib */,
				5D1BE2A9232FD6D30089C4B0 /* libopencv_bioinspired.a */,
				5D1BE2B7232FD6D40089C4B0 /* libopencv_calib3d.4.1.1.dylib */,
				5D1BE2EB232FD6D40089C4B0 /* libopencv_calib3d.a */,
				5D1BE2E6232FD6D40089C4B0 /* libopencv_ccalib.4.1.1.dylib */,
				5D1BE2C8232FD6D40089C4B0 /* libopencv_ccalib.a */,
				5D1BE2F6232FD6D40089C4B0 /* libopencv_core.4.1.1.dylib */,
				5D1BE2B1232FD6D40089C4B0 /* libopencv_core.a */,
				5D1BE2DC232FD6D40089C4B0 /* libopencv_datasets.4.1.1.dylib */,
				5D1BE2EA232FD6D40089C4B0 /* libopencv_datasets.a */,
				5D1BE2D3232FD6D40089C4B0 /* libopencv_dnn_objdetect.4.1.1.dylib */,
				5D1BE2CC232FD6D40089C4B0 /* libopencv_dnn_objdetect.a */,
				5D1BE2ED232FD6D40089C4B0 /* libopencv_dnn.4.1.1.dylib */,
				5D1BE2EC232FD6D40089C4B0 /* libopencv_dnn.a */,
				5D1BE2F8232FD6D40089C4B0 /* libopencv_dpm.4.1.1.dylib */,
				5D1BE2BE232FD6D40089C4B0 /* libopencv_dpm.a */,
				5D1BE2D5232FD6D40089C4B0 /* libopencv_face.4.1.1.dylib */,
				5D1BE2E5232FD6D40089C4B0 /* libopencv_face.a */,
				5D1BE2D9232FD6D40089C4B0 /* libopencv_features2d.4.1.1.dylib */,
				5D1BE2F2232FD6D40089C4B0 /* libopencv_features2d.a */,
				5D1BE2CD232FD6D40089C4B0 /* libopencv_flann.4.1.1.dylib */,
				5D1BE2C3232FD6D40089C4B0 /* libopencv_flann.a */,
				5D1BE2B2232FD6D40089C4B0 /* libopencv_freetype.4.1.1.dylib */,
				5D1BE2E7232FD6D40089C4B0 /* libopencv_freetype.a */,
				5D1BE2E2232FD6D40089C4B0 /* libopencv_fuzzy.4.1.1.dylib */,
				5D1BE2B6232FD6D40089C4B0 /* libopencv_fuzzy.a */,
				5D1BE2F5232FD6D40089C4B0 /* libopencv_gapi.4.1.1.dylib */,
				5D1BE2B8232FD6D40089C4B0 /* libopencv_gapi.a */,
				5D1BE2F7232FD6D40089C4B0 /* libopencv_hfs.4.1.1.dylib */,
				5D1BE2EE232FD6D40089C4B0 /* libopencv_hfs.a */,
				5D1BE2AD232FD6D40089C4B0 /* libopencv_highgui.4.1.1.dylib */,
				5D1BE2C4232FD6D40089C4B0 /* libopencv_highgui.a */,
				5D1BE2F9232FD6D40089C4B0 /* libopencv_img_hash.4.1.1.dylib */,
				5D1BE29D232FD6D30089C4B0 /* libopencv_img_hash.a */,
				5D1BE2B3232FD6D40089C4B0 /* libopencv_imgcodecs.4.1.1.dylib */,
				5D1BE2DF232FD6D40089C4B0 /* libopencv_imgcodecs.a */,
				5D1BE2E8232FD6D40089C4B0 /* libopencv_imgproc.4.1.1.dylib */,
				5D1BE2AF232FD6D40089C4B0 /* libopencv_imgproc.a */,
				5D1BE2E9232FD6D40089C4B0 /* libopencv_line_descriptor.4.1.1.dylib */,
				5D1BE2A2232FD6D30089C4B0 /* libopencv_line_descriptor.a */,
				5D1BE2C2232FD6D40089C4B0 /* libopencv_ml.4.1.1.dylib */,
				5D1BE2B4232FD6D40089C4B0 /* libopencv_ml.a */,
				5D1BE2E1232FD6D40089C4B0 /* libopencv_objdetect.4.1.1.dylib */,
				5D1BE2E4232FD6D40089C4B0 /* libopencv_objdetect.a */,
				5D1BE2EF232FD6D40089C4B0 /* libopencv_optflow.4.1.1.dylib */,
				5D1BE2C1232FD6D40089C4B0 /* libopencv_optflow.a */,
				5D1BE2BD232FD6D40089C4B0 /* libopencv_phase_unwrapping.4.1.1.dylib */,
				5D1BE2F1232FD6D40089C4B0 /* libopencv_phase_unwrapping.a */,
				5D1BE2D4232FD6D40089C4B0 /* libopencv_photo.4.1.1.dylib */,
				5D1BE2CA232FD6D40089C4B0 /* libopencv_photo.a */,
				5D1BE2B9232FD6D40089C4B0 /* libopencv_plot.4.1.1.dylib */,
				5D1BE2AC232FD6D40089C4B0 /* libopencv_plot.a */,
				5D1BE2F3232FD6D40089C4B0 /* libopencv_quality.4.1.1.dylib */,
				5D1BE2D6232FD6D40089C4B0 /* libopencv_quality.a */,
				5D1BE2BA232FD6D40089C4B0 /* libopencv_reg.4.1.1.dylib */,
				5D1BE2C9232FD6D40089C4B0 /* libopencv_reg.a */,
				5D1BE2CB232FD6D40089C4B0 /* libopencv_rgbd.4.1.1.dylib */,
				5D1BE2C5232FD6D40089C4B0 /* libopencv_rgbd.a */,
				5D1BE2DA232FD6D40089C4B0 /* libopencv_saliency.4.1.1.dylib */,
				5D1BE2BF232FD6D40089C4B0 /* libopencv_saliency.a */,
				5D1BE2F4232FD6D40089C4B0 /* libopencv_sfm.4.1.1.dylib */,
				5D1BE2D7232FD6D40089C4B0 /* libopencv_sfm.a */,
				5D1BE29A232FD6D30089C4B0 /* libopencv_shape.4.1.1.dylib */,
				5D1BE2AE232FD6D40089C4B0 /* libopencv_shape.a */,
				5D1BE2AB232FD6D40089C4B0 /* libopencv_stereo.4.1.1.dylib */,
				5D1BE2E0232FD6D40089C4B0 /* libopencv_stereo.a */,
				5D1BE2D2232FD6D40089C4B0 /* libopencv_stitching.4.1.1.dylib */,
				5D1BE2BB232FD6D40089C4B0 /* libopencv_stitching.a */,
				5D1BE2A1232FD6D30089C4B0 /* libopencv_structured_light.4.1.1.dylib */,
				5D1BE2A4232FD6D30089C4B0 /* libopencv_structured_light.a */,
				5D1BE2CE232FD6D40089C4B0 /* libopencv_superres.4.1.1.dylib */,
				5D1BE29B232FD6D30089C4B0 /* libopencv_superres.a */,
				5D1BE29F232FD6D30089C4B0 /* libopencv_surface_matching.4.1.1.dylib */,
				5D1BE2CF232FD6D40089C4B0 /* libopencv_surface_matching.a */,
				5D1BE2E3232FD6D40089C4B0 /* libopencv_text.4.1.1.dylib */,
				5D1BE29C232FD6D30089C4B0 /* libopencv_text.a */,
				5D1BE2DB232FD6D40089C4B0 /* libopencv_tracking.4.1.1.dylib */,
				5D1BE2D1232FD6D40089C4B0 /* libopencv_tracking.a */,
				5D1BE29E232FD6D30089C4B0 /* libopencv_video.4.1.1.dylib */,
				5D1BE2A3232FD6D30089C4B0 /* libopencv_video.a */,
				5D1BE2B0232FD6D40089C4B0 /* libopencv_videoio.4.1.1.dylib */,
				5D1BE2C0232FD6D40089C4B0 /* libopencv_videoio.a */,
				5D1BE2C6232FD6D40089C4B0 /* libopencv_videostab.4.1.1.dylib */,
				5D1BE2A0232FD6D30089C4B0 /* libopencv_videostab.a */,
				5D1BE2D0232FD6D40089C4B0 /* libopencv_xfeatures2d.4.1.1.dylib */,
				5D1BE2D8232FD6D40089C4B0 /* libopencv_xfeatures2d.a */,
				5D1BE2A5232FD6D30089C4B0 /* libopencv_ximgproc.4.1.1.dylib */,
				5D1BE2C7232FD6D40089C4B0 /* libopencv_ximgproc.a */,
				5D1BE2A7232FD6D30089C4B0 /* libopencv_xobjdetect.4.1.1.dylib */,
				5D1BE2A8232FD6D30089C4B0 /* libopencv_xobjdetect.a */,
				5D1BE2BC232FD6D40089C4B0 /* libopencv_xphoto.4.1.1.dylib */,
				5D1BE2AA232FD6D40089C4B0 /* libopencv_xphoto.a */,
			);
			name = Frameworks;
			sourceTree = "<group>";
		};
/* End PBXGroup section */

/* Begin PBXNativeTarget section */
		5D1BE28E232FD6890089C4B0 /* OpenCV10-图像膨胀与腐蚀 */ = {
			isa = PBXNativeTarget;
			buildConfigurationList = 5D1BE296232FD6890089C4B0 /* Build configuration list for PBXNativeTarget "OpenCV10-图像膨胀与腐蚀" */;
			buildPhases = (
				5D1BE28B232FD6890089C4B0 /* Sources */,
				5D1BE28C232FD6890089C4B0 /* Frameworks */,
				5D1BE28D232FD6890089C4B0 /* CopyFiles */,
			);
			buildRules = (
			);
			dependencies = (
			);
			name = "OpenCV10-图像膨胀与腐蚀";
			productName = "OpenCV10-图像膨胀与腐蚀";
			productReference = 5D1BE28F232FD6890089C4B0 /* OpenCV10-图像膨胀与腐蚀 */;
			productType = "com.apple.product-type.tool";
		};
/* End PBXNativeTarget section */

/* Begin PBXProject section */
		5D1BE287232FD6890089C4B0 /* Project object */ = {
			isa = PBXProject;
			attributes = {
				LastUpgradeCheck = 1010;
				ORGANIZATIONNAME = "陈江林";
				TargetAttributes = {
					5D1BE28E232FD6890089C4B0 = {
						CreatedOnToolsVersion = 10.1;
					};
				};
			};
			buildConfigurationList = 5D1BE28A232FD6890089C4B0 /* Build configuration list for PBXProject "OpenCV10-图像膨胀与腐蚀" */;
			compatibilityVersion = "Xcode 9.3";
			developmentRegion = en;
			hasScannedForEncodings = 0;
			knownRegions = (
				en,
			);
			mainGroup = 5D1BE286232FD6890089C4B0;
			productRefGroup = 5D1BE290232FD6890089C4B0 /* Products */;
			projectDirPath = "";
			projectRoot = "";
			targets = (
				5D1BE28E232FD6890089C4B0 /* OpenCV10-图像膨胀与腐蚀 */,
			);
		};
/* End PBXProject section */

/* Begin PBXSourcesBuildPhase section */
		5D1BE28B232FD6890089C4B0 /* Sources */ = {
			isa = PBXSourcesBuildPhase;
			buildActionMask = 2147483647;
			files = (
				5D1BE293232FD6890089C4B0 /* main.cpp in Sources */,
			);
			runOnlyForDeploymentPostprocessing = 0;
		};
/* End PBXSourcesBuildPhase section */

/* Begin XCBuildConfiguration section */
		5D1BE294232FD6890089C4B0 /* Debug */ = {
			isa = XCBuildConfiguration;
			buildSettings = {
				ALWAYS_SEARCH_USER_PATHS = NO;
				CLANG_ANALYZER_NONNULL = YES;
				CLANG_ANALYZER_NUMBER_OBJECT_CONVERSION = YES_AGGRESSIVE;
				CLANG_CXX_LANGUAGE_STANDARD = "gnu++14";
				CLANG_CXX_LIBRARY = "libc++";
				CLANG_ENABLE_MODULES = YES;
				CLANG_ENABLE_OBJC_ARC = YES;
				CLANG_ENABLE_OBJC_WEAK = YES;
				CLANG_WARN_BLOCK_CAPTURE_AUTORELEASING = YES;
				CLANG_WARN_BOOL_CONVERSION = YES;
				CLANG_WARN_COMMA = YES;
				CLANG_WARN_CONSTANT_CONVERSION = YES;
				CLANG_WARN_DEPRECATED_OBJC_IMPLEMENTATIONS = YES;
				CLANG_WARN_DIRECT_OBJC_ISA_USAGE = YES_ERROR;
				CLANG_WARN_DOCUMENTATION_COMMENTS = YES;
				CLANG_WARN_EMPTY_BODY = YES;
				CLANG_WARN_ENUM_CONVERSION = YES;
				CLANG_WARN_INFINITE_RECURSION = YES;
				CLANG_WARN_INT_CONVERSION = YES;
				CLANG_WARN_NON_LITERAL_NULL_CONVERSION = YES;
				CLANG_WARN_OBJC_IMPLICIT_RETAIN_SELF = YES;
				CLANG_WARN_OBJC_LITERAL_CONVERSION = YES;
				CLANG_WARN_OBJC_ROOT_CLASS = YES_ERROR;
				CLANG_WARN_RANGE_LOOP_ANALYSIS = YES;
				CLANG_WARN_STRICT_PROTOTYPES = YES;
				CLANG_WARN_SUSPICIOUS_MOVE = YES;
				CLANG_WARN_UNGUARDED_AVAILABILITY = YES_AGGRESSIVE;
				CLANG_WARN_UNREACHABLE_CODE = YES;
				CLANG_WARN__DUPLICATE_METHOD_MATCH = YES;
				CODE_SIGN_IDENTITY = "-";
				COPY_PHASE_STRIP = NO;
				DEBUG_INFORMATION_FORMAT = dwarf;
				ENABLE_STRICT_OBJC_MSGSEND = YES;
				ENABLE_TESTABILITY = YES;
				GCC_C_LANGUAGE_STANDARD = gnu11;
				GCC_DYNAMIC_NO_PIC = NO;
				GCC_NO_COMMON_BLOCKS = YES;
				GCC_OPTIMIZATION_LEVEL = 0;
				GCC_PREPROCESSOR_DEFINITIONS = (
					"DEBUG=1",
					"$(inherited)",
				);
				GCC_WARN_64_TO_32_BIT_CONVERSION = YES;
				GCC_WARN_ABOUT_RETURN_TYPE = YES_ERROR;
				GCC_WARN_UNDECLARED_SELECTOR = YES;
				GCC_WARN_UNINITIALIZED_AUTOS = YES_AGGRESSIVE;
				GCC_WARN_UNUSED_FUNCTION = YES;
				GCC_WARN_UNUSED_VARIABLE = YES;
				MACOSX_DEPLOYMENT_TARGET = 10.14;
				MTL_ENABLE_DEBUG_INFO = INCLUDE_SOURCE;
				MTL_FAST_MATH = YES;
				ONLY_ACTIVE_ARCH = YES;
				SDKROOT = macosx;
			};
			name = Debug;
		};
		5D1BE295232FD6890089C4B0 /* Release */ = {
			isa = XCBuildConfiguration;
			buildSettings = {
				ALWAYS_SEARCH_USER_PATHS = NO;
				CLANG_ANALYZER_NONNULL = YES;
				CLANG_ANALYZER_NUMBER_OBJECT_CONVERSION = YES_AGGRESSIVE;
				CLANG_CXX_LANGUAGE_STANDARD = "gnu++14";
				CLANG_CXX_LIBRARY = "libc++";
				CLANG_ENABLE_MODULES = YES;
				CLANG_ENABLE_OBJC_ARC = YES;
				CLANG_ENABLE_OBJC_WEAK = YES;
				CLANG_WARN_BLOCK_CAPTURE_AUTORELEASING = YES;
				CLANG_WARN_BOOL_CONVERSION = YES;
				CLANG_WARN_COMMA = YES;
				CLANG_WARN_CONSTANT_CONVERSION = YES;
				CLANG_WARN_DEPRECATED_OBJC_IMPLEMENTATIONS = YES;
				CLANG_WARN_DIRECT_OBJC_ISA_USAGE = YES_ERROR;
				CLANG_WARN_DOCUMENTATION_COMMENTS = YES;
				CLANG_WARN_EMPTY_BODY = YES;
				CLANG_WARN_ENUM_CONVERSION = YES;
				CLANG_WARN_INFINITE_RECURSION = YES;
				CLANG_WARN_INT_CONVERSION = YES;
				CLANG_WARN_NON_LITERAL_NULL_CONVERSION = YES;
				CLANG_WARN_OBJC_IMPLICIT_RETAIN_SELF = YES;
				CLANG_WARN_OBJC_LITERAL_CONVERSION = YES;
				CLANG_WARN_OBJC_ROOT_CLASS = YES_ERROR;
				CLANG_WARN_RANGE_LOOP_ANALYSIS = YES;
				CLANG_WARN_STRICT_PROTOTYPES = YES;
				CLANG_WARN_SUSPICIOUS_MOVE = YES;
				CLANG_WARN_UNGUARDED_AVAILABILITY = YES_AGGRESSIVE;
				CLANG_WARN_UNREACHABLE_CODE = YES;
				CLANG_WARN__DUPLICATE_METHOD_MATCH = YES;
				CODE_SIGN_IDENTITY = "-";
				COPY_PHASE_STRIP = NO;
				DEBUG_INFORMATION_FORMAT = "dwarf-with-dsym";
				ENABLE_NS_ASSERTIONS = NO;
				ENABLE_STRICT_OBJC_MSGSEND = YES;
				GCC_C_LANGUAGE_STANDARD = gnu11;
				GCC_NO_COMMON_BLOCKS = YES;
				GCC_WARN_64_TO_32_BIT_CONVERSION = YES;
				GCC_WARN_ABOUT_RETURN_TYPE = YES_ERROR;
				GCC_WARN_UNDECLARED_SELECTOR = YES;
				GCC_WARN_UNINITIALIZED_AUTOS = YES_AGGRESSIVE;
				GCC_WARN_UNUSED_FUNCTION = YES;
				GCC_WARN_UNUSED_VARIABLE = YES;
				MACOSX_DEPLOYMENT_TARGET = 10.14;
				MTL_ENABLE_DEBUG_INFO = NO;
				MTL_FAST_MATH = YES;
				SDKROOT = macosx;
			};
			name = Release;
		};
		5D1BE297232FD6890089C4B0 /* Debug */ = {
			isa = XCBuildConfiguration;
			buildSettings = {
				CODE_SIGN_STYLE = Automatic;
				HEADER_SEARCH_PATHS = /usr/local/Cellar/opencv/4.1.1_1/include/opencv4;
				LIBRARY_SEARCH_PATHS = /usr/local/Cellar/opencv/4.1.1_1/lib;
				PRODUCT_NAME = "$(TARGET_NAME)";
			};
			name = Debug;
		};
		5D1BE298232FD6890089C4B0 /* Release */ = {
			isa = XCBuildConfiguration;
			buildSettings = {
				CODE_SIGN_STYLE = Automatic;
				HEADER_SEARCH_PATHS = /usr/local/Cellar/opencv/4.1.1_1/include/opencv4;
				LIBRARY_SEARCH_PATHS = /usr/local/Cellar/opencv/4.1.1_1/lib;
				PRODUCT_NAME = "$(TARGET_NAME)";
			};
			name = Release;
		};
/* End XCBuildConfiguration section */

/* Begin XCConfigurationList section */
		5D1BE28A232FD6890089C4B0 /* Build configuration list for PBXProject "OpenCV10-图像膨胀与腐蚀" */ = {
			isa = XCConfigurationList;
			buildConfigurations = (
				5D1BE294232FD6890089C4B0 /* Debug */,
				5D1BE295232FD6890089C4B0 /* Release */,
			);
			defaultConfigurationIsVisible = 0;
			defaultConfigurationName = Release;
		};
		5D1BE296232FD6890089C4B0 /* Build configuration list for PBXNativeTarget "OpenCV10-图像膨胀与腐蚀" */ = {
			isa = XCConfigurationList;
			buildConfigurations = (
				5D1BE297232FD6890089C4B0 /* Debug */,
				5D1BE298232FD6890089C4B0 /* Release */,
			);
			defaultConfigurationIsVisible = 0;
			defaultConfigurationName = Release;
		};
/* End XCConfigurationList section */
	};
	rootObject = 5D1BE287232FD6890089C4B0 /* Project object */;
}
